// !$*UTF8*$!
{
	archiveVersion = 1;
	classes = {
	};
	objectVersion = 46;
	objects = {

/* Begin PBXBuildFile section */
		D36233BE1E928D92000D0742 /* Chat+CoreDataClass.swift in Sources */ = {isa = PBXBuildFile; fileRef = D36233BC1E928D92000D0742 /* Chat+CoreDataClass.swift */; };
		D36233C11E928E27000D0742 /* ChatCell.swift in Sources */ = {isa = PBXBuildFile; fileRef = D36233C01E928E27000D0742 /* ChatCell.swift */; };
		D36233C31E929288000D0742 /* AllChatsViewController.swift in Sources */ = {isa = PBXBuildFile; fileRef = D36233C21E929288000D0742 /* AllChatsViewController.swift */; };
		D3A37B401E9C070100B8D8BA /* CoreDataStack.swift in Sources */ = {isa = PBXBuildFile; fileRef = D3A37B3F1E9C070100B8D8BA /* CoreDataStack.swift */; };
		D3A919A11EA8B897009A9A64 /* NewChatViewController.swift in Sources */ = {isa = PBXBuildFile; fileRef = D3A919A01EA8B897009A9A64 /* NewChatViewController.swift */; };
		D3A919A41EA8B89F009A9A64 /* TableViewFetchedResultsDelegate.swift in Sources */ = {isa = PBXBuildFile; fileRef = D3A919A21EA8B89F009A9A64 /* TableViewFetchedResultsDelegate.swift */; };
		D3A919A51EA8B89F009A9A64 /* UIViewController+FillWithView.swift in Sources */ = {isa = PBXBuildFile; fileRef = D3A919A31EA8B89F009A9A64 /* UIViewController+FillWithView.swift */; };
		D3A919A81EA8B908009A9A64 /* Contact+CoreDataClass.swift in Sources */ = {isa = PBXBuildFile; fileRef = D3A919A61EA8B908009A9A64 /* Contact+CoreDataClass.swift */; };
		D3C57D351E84C61000E61EDC /* AppDelegate.swift in Sources */ = {isa = PBXBuildFile; fileRef = D3C57D341E84C61000E61EDC /* AppDelegate.swift */; };
		D3C57D3A1E84C61000E61EDC /* Main.storyboard in Resources */ = {isa = PBXBuildFile; fileRef = D3C57D381E84C61000E61EDC /* Main.storyboard */; };
		D3C57D3D1E84C61100E61EDC /* WhaleTalk.xcdatamodeld in Sources */ = {isa = PBXBuildFile; fileRef = D3C57D3B1E84C61000E61EDC /* WhaleTalk.xcdatamodeld */; };
		D3C57D3F1E84C61100E61EDC /* Assets.xcassets in Resources */ = {isa = PBXBuildFile; fileRef = D3C57D3E1E84C61100E61EDC /* Assets.xcassets */; };
		D3C57D421E84C61100E61EDC /* LaunchScreen.storyboard in Resources */ = {isa = PBXBuildFile; fileRef = D3C57D401E84C61100E61EDC /* LaunchScreen.storyboard */; };
		D3C57D4A1E84C63700E61EDC /* ChatViewController.swift in Sources */ = {isa = PBXBuildFile; fileRef = D3C57D491E84C63700E61EDC /* ChatViewController.swift */; };
		D3C57D4C1E84C64800E61EDC /* MessageCell.swift in Sources */ = {isa = PBXBuildFile; fileRef = D3C57D4B1E84C64800E61EDC /* MessageCell.swift */; };
		D3C57D4E1E84C65200E61EDC /* UITableView+Scroll.swift in Sources */ = {isa = PBXBuildFile; fileRef = D3C57D4D1E84C65200E61EDC /* UITableView+Scroll.swift */; };
		D3C57D521E84C78300E61EDC /* DeleteMessage.swift in Sources */ = {isa = PBXBuildFile; fileRef = D3C57D511E84C78300E61EDC /* DeleteMessage.swift */; };
		D3F106B31EA8C36000ED416A /* Chat+CoreDataProperties.swift in Sources */ = {isa = PBXBuildFile; fileRef = D3F106B11EA8C36000ED416A /* Chat+CoreDataProperties.swift */; };
		D3F106B41EA8C36000ED416A /* Contact+CoreDataProperties.swift in Sources */ = {isa = PBXBuildFile; fileRef = D3F106B21EA8C36000ED416A /* Contact+CoreDataProperties.swift */; };
/* End PBXBuildFile section */

/* Begin PBXFileReference section */
		D36233BC1E928D92000D0742 /* Chat+CoreDataClass.swift */ = {isa = PBXFileReference; fileEncoding = 4; lastKnownFileType = sourcecode.swift; name = "Chat+CoreDataClass.swift"; path = "../Chat+CoreDataClass.swift"; sourceTree = "<group>"; };
		D36233C01E928E27000D0742 /* ChatCell.swift */ = {isa = PBXFileReference; fileEncoding = 4; lastKnownFileType = sourcecode.swift; path = ChatCell.swift; sourceTree = "<group>"; };
		D36233C21E929288000D0742 /* AllChatsViewController.swift */ = {isa = PBXFileReference; fileEncoding = 4; lastKnownFileType = sourcecode.swift; path = AllChatsViewController.swift; sourceTree = "<group>"; };
		D3A37B3F1E9C070100B8D8BA /* CoreDataStack.swift */ = {isa = PBXFileReference; fileEncoding = 4; lastKnownFileType = sourcecode.swift; path = CoreDataStack.swift; sourceTree = "<group>"; };
		D3A919A01EA8B897009A9A64 /* NewChatViewController.swift */ = {isa = PBXFileReference; fileEncoding = 4; lastKnownFileType = sourcecode.swift; path = NewChatViewController.swift; sourceTree = "<group>"; };
		D3A919A21EA8B89F009A9A64 /* TableViewFetchedResultsDelegate.swift */ = {isa = PBXFileReference; fileEncoding = 4; lastKnownFileType = sourcecode.swift; path = TableViewFetchedResultsDelegate.swift; sourceTree = "<group>"; };
		D3A919A31EA8B89F009A9A64 /* UIViewController+FillWithView.swift */ = {isa = PBXFileReference; fileEncoding = 4; lastKnownFileType = sourcecode.swift; path = "UIViewController+FillWithView.swift"; sourceTree = "<group>"; };
		D3A919A61EA8B908009A9A64 /* Contact+CoreDataClass.swift */ = {isa = PBXFileReference; fileEncoding = 4; lastKnownFileType = sourcecode.swift; name = "Contact+CoreDataClass.swift"; path = "../Contact+CoreDataClass.swift"; sourceTree = "<group>"; };
		D3C57D311E84C61000E61EDC /* WhaleTalk.app */ = {isa = PBXFileReference; explicitFileType = wrapper.application; includeInIndex = 0; path = WhaleTalk.app; sourceTree = BUILT_PRODUCTS_DIR; };
		D3C57D341E84C61000E61EDC /* AppDelegate.swift */ = {isa = PBXFileReference; lastKnownFileType = sourcecode.swift; path = AppDelegate.swift; sourceTree = "<group>"; };
		D3C57D391E84C61000E61EDC /* Base */ = {isa = PBXFileReference; lastKnownFileType = file.storyboard; name = Base; path = Base.lproj/Main.storyboard; sourceTree = "<group>"; };
		D3C57D3C1E84C61100E61EDC /* WhaleTalk.xcdatamodel */ = {isa = PBXFileReference; lastKnownFileType = wrapper.xcdatamodel; path = WhaleTalk.xcdatamodel; sourceTree = "<group>"; };
		D3C57D3E1E84C61100E61EDC /* Assets.xcassets */ = {isa = PBXFileReference; lastKnownFileType = folder.assetcatalog; path = Assets.xcassets; sourceTree = "<group>"; };
		D3C57D411E84C61100E61EDC /* Base */ = {isa = PBXFileReference; lastKnownFileType = file.storyboard; name = Base; path = Base.lproj/LaunchScreen.storyboard; sourceTree = "<group>"; };
		D3C57D431E84C61100E61EDC /* Info.plist */ = {isa = PBXFileReference; lastKnownFileType = text.plist.xml; path = Info.plist; sourceTree = "<group>"; };
		D3C57D491E84C63700E61EDC /* ChatViewController.swift */ = {isa = PBXFileReference; fileEncoding = 4; lastKnownFileType = sourcecode.swift; path = ChatViewController.swift; sourceTree = "<group>"; };
		D3C57D4B1E84C64800E61EDC /* MessageCell.swift */ = {isa = PBXFileReference; fileEncoding = 4; lastKnownFileType = sourcecode.swift; path = MessageCell.swift; sourceTree = "<group>"; };
		D3C57D4D1E84C65200E61EDC /* UITableView+Scroll.swift */ = {isa = PBXFileReference; fileEncoding = 4; lastKnownFileType = sourcecode.swift; path = "UITableView+Scroll.swift"; sourceTree = "<group>"; };
		D3C57D511E84C78300E61EDC /* DeleteMessage.swift */ = {isa = PBXFileReference; fileEncoding = 4; lastKnownFileType = sourcecode.swift; path = DeleteMessage.swift; sourceTree = "<group>"; };
		D3F106B11EA8C36000ED416A /* Chat+CoreDataProperties.swift */ = {isa = PBXFileReference; fileEncoding = 4; lastKnownFileType = sourcecode.swift; path = "Chat+CoreDataProperties.swift"; sourceTree = "<group>"; };
		D3F106B21EA8C36000ED416A /* Contact+CoreDataProperties.swift */ = {isa = PBXFileReference; fileEncoding = 4; lastKnownFileType = sourcecode.swift; path = "Contact+CoreDataProperties.swift"; sourceTree = "<group>"; };
/* End PBXFileReference section */

/* Begin PBXFrameworksBuildPhase section */
		D3C57D2E1E84C61000E61EDC /* Frameworks */ = {
			isa = PBXFrameworksBuildPhase;
			buildActionMask = 2147483647;
			files = (
			);
			runOnlyForDeploymentPostprocessing = 0;
		};
/* End PBXFrameworksBuildPhase section */

/* Begin PBXGroup section */
		D3C57D281E84C61000E61EDC = {
			isa = PBXGroup;
			children = (
				D3F106B11EA8C36000ED416A /* Chat+CoreDataProperties.swift */,
				D3F106B21EA8C36000ED416A /* Contact+CoreDataProperties.swift */,
				D3C57D331E84C61000E61EDC /* WhaleTalk */,
				D3C57D321E84C61000E61EDC /* Products */,
			);
			sourceTree = "<group>";
		};
		D3C57D321E84C61000E61EDC /* Products */ = {
			isa = PBXGroup;
			children = (
				D3C57D311E84C61000E61EDC /* WhaleTalk.app */,
			);
			name = Products;
			sourceTree = "<group>";
		};
		D3C57D331E84C61000E61EDC /* WhaleTalk */ = {
			isa = PBXGroup;
			children = (
				D3A919A61EA8B908009A9A64 /* Contact+CoreDataClass.swift */,
				D36233BC1E928D92000D0742 /* Chat+CoreDataClass.swift */,
				D3C57D341E84C61000E61EDC /* AppDelegate.swift */,
				D3A37B3F1E9C070100B8D8BA /* CoreDataStack.swift */,
				D3C57D491E84C63700E61EDC /* ChatViewController.swift */,
				D36233C21E929288000D0742 /* AllChatsViewController.swift */,
				D3A919A01EA8B897009A9A64 /* NewChatViewController.swift */,
				D3C57D4B1E84C64800E61EDC /* MessageCell.swift */,
				D36233C01E928E27000D0742 /* ChatCell.swift */,
				D3C57D511E84C78300E61EDC /* DeleteMessage.swift */,
				D3C57D4D1E84C65200E61EDC /* UITableView+Scroll.swift */,
				D3A919A21EA8B89F009A9A64 /* TableViewFetchedResultsDelegate.swift */,
				D3A919A31EA8B89F009A9A64 /* UIViewController+FillWithView.swift */,
				D3C57D381E84C61000E61EDC /* Main.storyboard */,
				D3C57D3E1E84C61100E61EDC /* Assets.xcassets */,
				D3C57D401E84C61100E61EDC /* LaunchScreen.storyboard */,
				D3C57D431E84C61100E61EDC /* Info.plist */,
				D3C57D3B1E84C61000E61EDC /* WhaleTalk.xcdatamodeld */,
			);
			path = WhaleTalk;
			sourceTree = "<group>";
		};
/* End PBXGroup section */

/* Begin PBXNativeTarget section */
		D3C57D301E84C61000E61EDC /* WhaleTalk */ = {
			isa = PBXNativeTarget;
			buildConfigurationList = D3C57D461E84C61100E61EDC /* Build configuration list for PBXNativeTarget "WhaleTalk" */;
			buildPhases = (
				D3C57D2D1E84C61000E61EDC /* Sources */,
				D3C57D2E1E84C61000E61EDC /* Frameworks */,
				D3C57D2F1E84C61000E61EDC /* Resources */,
			);
			buildRules = (
			);
			dependencies = (
			);
			name = WhaleTalk;
			productName = WhaleTalk;
			productReference = D3C57D311E84C61000E61EDC /* WhaleTalk.app */;
			productType = "com.apple.product-type.application";
		};
/* End PBXNativeTarget section */

/* Begin PBXProject section */
		D3C57D291E84C61000E61EDC /* Project object */ = {
			isa = PBXProject;
			attributes = {
				LastSwiftUpdateCheck = 0820;
				LastUpgradeCheck = 0820;
				ORGANIZATIONNAME = "WONGKAI MING";
				TargetAttributes = {
					D3C57D301E84C61000E61EDC = {
						CreatedOnToolsVersion = 8.2.1;
						ProvisioningStyle = Automatic;
					};
				};
			};
			buildConfigurationList = D3C57D2C1E84C61000E61EDC /* Build configuration list for PBXProject "WhaleTalk" */;
			compatibilityVersion = "Xcode 3.2";
			developmentRegion = English;
			hasScannedForEncodings = 0;
			knownRegions = (
				en,
				Base,
			);
			mainGroup = D3C57D281E84C61000E61EDC;
			productRefGroup = D3C57D321E84C61000E61EDC /* Products */;
			projectDirPath = "";
			projectRoot = "";
			targets = (
				D3C57D301E84C61000E61EDC /* WhaleTalk */,
			);
		};
/* End PBXProject section */

/* Begin PBXResourcesBuildPhase section */
		D3C57D2F1E84C61000E61EDC /* Resources */ = {
			isa = PBXResourcesBuildPhase;
			buildActionMask = 2147483647;
			files = (
				D3C57D421E84C61100E61EDC /* LaunchScreen.storyboard in Resources */,
				D3C57D3F1E84C61100E61EDC /* Assets.xcassets in Resources */,
				D3C57D3A1E84C61000E61EDC /* Main.storyboard in Resources */,
			);
			runOnlyForDeploymentPostprocessing = 0;
		};
/* End PBXResourcesBuildPhase section */

/* Begin PBXSourcesBuildPhase section */
		D3C57D2D1E84C61000E61EDC /* Sources */ = {
			isa = PBXSourcesBuildPhase;
			buildActionMask = 2147483647;
			files = (
				D36233C31E929288000D0742 /* AllChatsViewController.swift in Sources */,
				D3C57D351E84C61000E61EDC /* AppDelegate.swift in Sources */,
				D3C57D4A1E84C63700E61EDC /* ChatViewController.swift in Sources */,
				D3A919A81EA8B908009A9A64 /* Contact+CoreDataClass.swift in Sources */,
				D3F106B41EA8C36000ED416A /* Contact+CoreDataProperties.swift in Sources */,
				D36233C11E928E27000D0742 /* ChatCell.swift in Sources */,
				D3A919A41EA8B89F009A9A64 /* TableViewFetchedResultsDelegate.swift in Sources */,
				D3C57D4C1E84C64800E61EDC /* MessageCell.swift in Sources */,
				D3A37B401E9C070100B8D8BA /* CoreDataStack.swift in Sources */,
				D3A919A11EA8B897009A9A64 /* NewChatViewController.swift in Sources */,
				D3C57D4E1E84C65200E61EDC /* UITableView+Scroll.swift in Sources */,
				D3A919A51EA8B89F009A9A64 /* UIViewController+FillWithView.swift in Sources */,
				D3C57D3D1E84C61100E61EDC /* WhaleTalk.xcdatamodeld in Sources */,
				D3F106B31EA8C36000ED416A /* Chat+CoreDataProperties.swift in Sources */,
				D3C57D521E84C78300E61EDC /* DeleteMessage.swift in Sources */,
				D36233BE1E928D92000D0742 /* Chat+CoreDataClass.swift in Sources */,
			);
			runOnlyForDeploymentPostprocessing = 0;
		};
/* End PBXSourcesBuildPhase section */

/* Begin PBXVariantGroup section */
		D3C57D381E84C61000E61EDC /* Main.storyboard */ = {
			isa = PBXVariantGroup;
			children = (
				D3C57D391E84C61000E61EDC /* Base */,
			);
			name = Main.storyboard;
			sourceTree = "<group>";
		};
		D3C57D401E84C61100E61EDC /* LaunchScreen.storyboard */ = {
			isa = PBXVariantGroup;
			children = (
				D3C57D411E84C61100E61EDC /* Base */,
			);
			name = LaunchScreen.storyboard;
			sourceTree = "<group>";
		};
/* End PBXVariantGroup section */

/* Begin XCBuildConfiguration section */
		D3C57D441E84C61100E61EDC /* Debug */ = {
			isa = XCBuildConfiguration;
			buildSettings = {
				ALWAYS_SEARCH_USER_PATHS = NO;
				CLANG_ANALYZER_NONNULL = YES;
				CLANG_CXX_LANGUAGE_STANDARD = "gnu++0x";
				CLANG_CXX_LIBRARY = "libc++";
				CLANG_ENABLE_MODULES = YES;
				CLANG_ENABLE_OBJC_ARC = YES;
				CLANG_WARN_BOOL_CONVERSION = YES;
				CLANG_WARN_CONSTANT_CONVERSION = YES;
				CLANG_WARN_DIRECT_OBJC_ISA_USAGE = YES_ERROR;
				CLANG_WARN_DOCUMENTATION_COMMENTS = YES;
				CLANG_WARN_EMPTY_BODY = YES;
				CLANG_WARN_ENUM_CONVERSION = YES;
				CLANG_WARN_INFINITE_RECURSION = YES;
				CLANG_WARN_INT_CONVERSION = YES;
				CLANG_WARN_OBJC_ROOT_CLASS = YES_ERROR;
				CLANG_WARN_SUSPICIOUS_MOVE = YES;
				CLANG_WARN_UNREACHABLE_CODE = YES;
				CLANG_WARN__DUPLICATE_METHOD_MATCH = YES;
				"CODE_SIGN_IDENTITY[sdk=iphoneos*]" = "iPhone Developer";
				COPY_PHASE_STRIP = NO;
				DEBUG_INFORMATION_FORMAT = dwarf;
				ENABLE_STRICT_OBJC_MSGSEND = YES;
				ENABLE_TESTABILITY = YES;
				GCC_C_LANGUAGE_STANDARD = gnu99;
				GCC_DYNAMIC_NO_PIC = NO;
				GCC_NO_COMMON_BLOCKS = YES;
				GCC_OPTIMIZATION_LEVEL = 0;
				GCC_PREPROCESSOR_DEFINITIONS = (
					"DEBUG=1",
					"$(inherited)",
				);
				GCC_WARN_64_TO_32_BIT_CONVERSION = YES;
				GCC_WARN_ABOUT_RETURN_TYPE = YES_ERROR;
				GCC_WARN_UNDECLARED_SELECTOR = YES;
				GCC_WARN_UNINITIALIZED_AUTOS = YES_AGGRESSIVE;
				GCC_WARN_UNUSED_FUNCTION = YES;
				GCC_WARN_UNUSED_VARIABLE = YES;
				IPHONEOS_DEPLOYMENT_TARGET = 10.2;
				MTL_ENABLE_DEBUG_INFO = YES;
				ONLY_ACTIVE_ARCH = YES;
				SDKROOT = iphoneos;
				SWIFT_ACTIVE_COMPILATION_CONDITIONS = DEBUG;
				SWIFT_OPTIMIZATION_LEVEL = "-Onone";
				TARGETED_DEVICE_FAMILY = "1,2";
			};
			name = Debug;
		};
		D3C57D451E84C61100E61EDC /* Release */ = {
			isa = XCBuildConfiguration;
			buildSettings = {
				ALWAYS_SEARCH_USER_PATHS = NO;
				CLANG_ANALYZER_NONNULL = YES;
				CLANG_CXX_LANGUAGE_STANDARD = "gnu++0x";
				CLANG_CXX_LIBRARY = "libc++";
				CLANG_ENABLE_MODULES = YES;
				CLANG_ENABLE_OBJC_ARC = YES;
				CLANG_WARN_BOOL_CONVERSION = YES;
				CLANG_WARN_CONSTANT_CONVERSION = YES;
				CLANG_WARN_DIRECT_OBJC_ISA_USAGE = YES_ERROR;
				CLANG_WARN_DOCUMENTATION_COMMENTS = YES;
				CLANG_WARN_EMPTY_BODY = YES;
				CLANG_WARN_ENUM_CONVERSION = YES;
				CLANG_WARN_INFINITE_RECURSION = YES;
				CLANG_WARN_INT_CONVERSION = YES;
				CLANG_WARN_OBJC_ROOT_CLASS = YES_ERROR;
				CLANG_WARN_SUSPICIOUS_MOVE = YES;
				CLANG_WARN_UNREACHABLE_CODE = YES;
				CLANG_WARN__DUPLICATE_METHOD_MATCH = YES;
				"CODE_SIGN_IDENTITY[sdk=iphoneos*]" = "iPhone Developer";
				COPY_PHASE_STRIP = NO;
				DEBUG_INFORMATION_FORMAT = "dwarf-with-dsym";
				ENABLE_NS_ASSERTIONS = NO;
				ENABLE_STRICT_OBJC_MSGSEND = YES;
				GCC_C_LANGUAGE_STANDARD = gnu99;
				GCC_NO_COMMON_BLOCKS = YES;
				GCC_WARN_64_TO_32_BIT_CONVERSION = YES;
				GCC_WARN_ABOUT_RETURN_TYPE = YES_ERROR;
				GCC_WARN_UNDECLARED_SELECTOR = YES;
				GCC_WARN_UNINITIALIZED_AUTOS = YES_AGGRESSIVE;
				GCC_WARN_UNUSED_FUNCTION = YES;
				GCC_WARN_UNUSED_VARIABLE = YES;
				IPHONEOS_DEPLOYMENT_TARGET = 10.2;
				MTL_ENABLE_DEBUG_INFO = NO;
				SDKROOT = iphoneos;
				SWIFT_OPTIMIZATION_LEVEL = "-Owholemodule";
				TARGETED_DEVICE_FAMILY = "1,2";
				VALIDATE_PRODUCT = YES;
			};
			name = Release;
		};
		D3C57D471E84C61100E61EDC /* Debug */ = {
			isa = XCBuildConfiguration;
			buildSettings = {
				ASSETCATALOG_COMPILER_APPICON_NAME = AppIcon;
				INFOPLIST_FILE = WhaleTalk/Info.plist;
				LD_RUNPATH_SEARCH_PATHS = "$(inherited) @executable_path/Frameworks";
				PRODUCT_BUNDLE_IDENTIFIER = KMW.WhaleTalk;
				PRODUCT_NAME = "$(TARGET_NAME)";
				SWIFT_VERSION = 3.0;
			};
			name = Debug;
		};
		D3C57D481E84C61100E61EDC /* Release */ = {
			isa = XCBuildConfiguration;
			buildSettings = {
				ASSETCATALOG_COMPILER_APPICON_NAME = AppIcon;
				INFOPLIST_FILE = WhaleTalk/Info.plist;
				LD_RUNPATH_SEARCH_PATHS = "$(inherited) @executable_path/Frameworks";
				PRODUCT_BUNDLE_IDENTIFIER = KMW.WhaleTalk;
				PRODUCT_NAME = "$(TARGET_NAME)";
				SWIFT_VERSION = 3.0;
			};
			name = Release;
		};
/* End XCBuildConfiguration section */

/* Begin XCConfigurationList section */
		D3C57D2C1E84C61000E61EDC /* Build configuration list for PBXProject "WhaleTalk" */ = {
			isa = XCConfigurationList;
			buildConfigurations = (
				D3C57D441E84C61100E61EDC /* Debug */,
				D3C57D451E84C61100E61EDC /* Release */,
			);
			defaultConfigurationIsVisible = 0;
			defaultConfigurationName = Release;
		};
		D3C57D461E84C61100E61EDC /* Build configuration list for PBXNativeTarget "WhaleTalk" */ = {
			isa = XCConfigurationList;
			buildConfigurations = (
				D3C57D471E84C61100E61EDC /* Debug */,
				D3C57D481E84C61100E61EDC /* Release */,
			);
			defaultConfigurationIsVisible = 0;
			defaultConfigurationName = Release;
		};
/* End XCConfigurationList section */

/* Begin XCVersionGroup section */
		D3C57D3B1E84C61000E61EDC /* WhaleTalk.xcdatamodeld */ = {
			isa = XCVersionGroup;
			children = (
				D3C57D3C1E84C61100E61EDC /* WhaleTalk.xcdatamodel */,
			);
			currentVersion = D3C57D3C1E84C61100E61EDC /* WhaleTalk.xcdatamodel */;
			path = WhaleTalk.xcdatamodeld;
			sourceTree = "<group>";
			versionGroupType = wrapper.xcdatamodel;
		};
/* End XCVersionGroup section */
	};
	rootObject = D3C57D291E84C61000E61EDC /* Project object */;
}
